// !$*UTF8*$!
{
	archiveVersion = 1;
	classes = {
	};
	objectVersion = 46;
	objects = {

/* Begin PBXBuildFile section */
		CD20CFBB1BEF68C9006C107E /* AppDelegate.swift in Sources */ = {isa = PBXBuildFile; fileRef = CD20CFBA1BEF68C9006C107E /* AppDelegate.swift */; };
		CD20CFBD1BEF68C9006C107E /* CurrentLocationViewController.swift in Sources */ = {isa = PBXBuildFile; fileRef = CD20CFBC1BEF68C9006C107E /* CurrentLocationViewController.swift */; };
		CD20CFC21BEF68C9006C107E /* Main.storyboard in Resources */ = {isa = PBXBuildFile; fileRef = CD20CFC01BEF68C9006C107E /* Main.storyboard */; };
		CD20CFC41BEF68C9006C107E /* Assets.xcassets in Resources */ = {isa = PBXBuildFile; fileRef = CD20CFC31BEF68C9006C107E /* Assets.xcassets */; };
		CD52D3341BF0C980003536D9 /* Functions.swift in Sources */ = {isa = PBXBuildFile; fileRef = CD52D3331BF0C980003536D9 /* Functions.swift */; };
		CD52D3371BF0D3C1003536D9 /* DataModel.xcdatamodeld in Sources */ = {isa = PBXBuildFile; fileRef = CD52D3351BF0D3C1003536D9 /* DataModel.xcdatamodeld */; };
		CD52D33A1BF0D5B8003536D9 /* Location+CoreDataProperties.swift in Sources */ = {isa = PBXBuildFile; fileRef = CD52D3381BF0D5B8003536D9 /* Location+CoreDataProperties.swift */; };
		CD52D33B1BF0D5B8003536D9 /* Location.swift in Sources */ = {isa = PBXBuildFile; fileRef = CD52D3391BF0D5B8003536D9 /* Location.swift */; };
		CD63EE5E1BF22D10004B4082 /* LocationsViewController.swift in Sources */ = {isa = PBXBuildFile; fileRef = CD63EE5D1BF22D10004B4082 /* LocationsViewController.swift */; };
		CD774E8E1BF4888B000C9339 /* MapKit.framework in Frameworks */ = {isa = PBXBuildFile; fileRef = CD774E8D1BF4888B000C9339 /* MapKit.framework */; };
		CD774E901BF48933000C9339 /* MapViewController.swift in Sources */ = {isa = PBXBuildFile; fileRef = CD774E8F1BF48933000C9339 /* MapViewController.swift */; };
		CD8C81421BF599F900160BA0 /* UIImage+Resize.swift in Sources */ = {isa = PBXBuildFile; fileRef = CD8C81411BF599F900160BA0 /* UIImage+Resize.swift */; };
		CD932E001BF736A200D1C60B /* Sound in Resources */ = {isa = PBXBuildFile; fileRef = CD932DFF1BF736A200D1C60B /* Sound */; };
		CDB4FD691BF373B50012E4B0 /* LocationCell.swift in Sources */ = {isa = PBXBuildFile; fileRef = CDB4FD681BF373B50012E4B0 /* LocationCell.swift */; };
		CDB976651BF085B3002AD927 /* CategoryPickerViewController.swift in Sources */ = {isa = PBXBuildFile; fileRef = CDB976641BF085B3002AD927 /* CategoryPickerViewController.swift */; };
		CDB976671BF09303002AD927 /* HudView.swift in Sources */ = {isa = PBXBuildFile; fileRef = CDB976661BF09303002AD927 /* HudView.swift */; };
		CDD3AF4A1BEF838200C884AE /* LocationDetailViewController.swift in Sources */ = {isa = PBXBuildFile; fileRef = CDD3AF491BEF838200C884AE /* LocationDetailViewController.swift */; };
		CDE8F7C01BF6D14A00FD3CA4 /* String+AddText.swift in Sources */ = {isa = PBXBuildFile; fileRef = CDE8F7BF1BF6D14A00FD3CA4 /* String+AddText.swift */; };
		CDF1A1BB1BF6D6BB007C6E5B /* MyTabBarController.swift in Sources */ = {isa = PBXBuildFile; fileRef = CDF1A1BA1BF6D6BB007C6E5B /* MyTabBarController.swift */; };
		CDF1A1BD1BF6D75A007C6E5B /* MyNavigationBarController.swift in Sources */ = {isa = PBXBuildFile; fileRef = CDF1A1BC1BF6D75A007C6E5B /* MyNavigationBarController.swift */; };
		CDF1A1BF1BF6D933007C6E5B /* MyImagePickerController.swift in Sources */ = {isa = PBXBuildFile; fileRef = CDF1A1BE1BF6D933007C6E5B /* MyImagePickerController.swift */; };
/* End PBXBuildFile section */

/* Begin PBXFileReference section */
		CD20CFB71BEF68C9006C107E /* My Location.app */ = {isa = PBXFileReference; explicitFileType = wrapper.application; includeInIndex = 0; path = "My Location.app"; sourceTree = BUILT_PRODUCTS_DIR; };
		CD20CFBA1BEF68C9006C107E /* AppDelegate.swift */ = {isa = PBXFileReference; lastKnownFileType = sourcecode.swift; path = AppDelegate.swift; sourceTree = "<group>"; };
		CD20CFBC1BEF68C9006C107E /* CurrentLocationViewController.swift */ = {isa = PBXFileReference; lastKnownFileType = sourcecode.swift; path = CurrentLocationViewController.swift; sourceTree = "<group>"; };
		CD20CFC11BEF68C9006C107E /* Base */ = {isa = PBXFileReference; lastKnownFileType = file.storyboard; name = Base; path = Base.lproj/Main.storyboard; sourceTree = "<group>"; };
		CD20CFC31BEF68C9006C107E /* Assets.xcassets */ = {isa = PBXFileReference; lastKnownFileType = folder.assetcatalog; path = Assets.xcassets; sourceTree = "<group>"; };
		CD20CFC81BEF68C9006C107E /* Info.plist */ = {isa = PBXFileReference; lastKnownFileType = text.plist.xml; path = Info.plist; sourceTree = "<group>"; };
		CD52D3331BF0C980003536D9 /* Functions.swift */ = {isa = PBXFileReference; fileEncoding = 4; lastKnownFileType = sourcecode.swift; path = Functions.swift; sourceTree = "<group>"; };
		CD52D3361BF0D3C1003536D9 /* DataModel.xcdatamodel */ = {isa = PBXFileReference; lastKnownFileType = wrapper.xcdatamodel; path = DataModel.xcdatamodel; sourceTree = "<group>"; };
		CD52D3381BF0D5B8003536D9 /* Location+CoreDataProperties.swift */ = {isa = PBXFileReference; fileEncoding = 4; lastKnownFileType = sourcecode.swift; path = "Location+CoreDataProperties.swift"; sourceTree = "<group>"; };
		CD52D3391BF0D5B8003536D9 /* Location.swift */ = {isa = PBXFileReference; fileEncoding = 4; lastKnownFileType = sourcecode.swift; path = Location.swift; sourceTree = "<group>"; };
		CD63EE5D1BF22D10004B4082 /* LocationsViewController.swift */ = {isa = PBXFileReference; fileEncoding = 4; lastKnownFileType = sourcecode.swift; path = LocationsViewController.swift; sourceTree = "<group>"; };
		CD774E8D1BF4888B000C9339 /* MapKit.framework */ = {isa = PBXFileReference; lastKnownFileType = wrapper.framework; name = MapKit.framework; path = System/Library/Frameworks/MapKit.framework; sourceTree = SDKROOT; };
		CD774E8F1BF48933000C9339 /* MapViewController.swift */ = {isa = PBXFileReference; fileEncoding = 4; lastKnownFileType = sourcecode.swift; path = MapViewController.swift; sourceTree = "<group>"; };
		CD8C81411BF599F900160BA0 /* UIImage+Resize.swift */ = {isa = PBXFileReference; fileEncoding = 4; lastKnownFileType = sourcecode.swift; path = "UIImage+Resize.swift"; sourceTree = "<group>"; };
		CD932DFF1BF736A200D1C60B /* Sound */ = {isa = PBXFileReference; lastKnownFileType = folder; path = Sound; sourceTree = "<group>"; };
		CDB4FD681BF373B50012E4B0 /* LocationCell.swift */ = {isa = PBXFileReference; fileEncoding = 4; lastKnownFileType = sourcecode.swift; path = LocationCell.swift; sourceTree = "<group>"; };
		CDB976641BF085B3002AD927 /* CategoryPickerViewController.swift */ = {isa = PBXFileReference; fileEncoding = 4; lastKnownFileType = sourcecode.swift; path = CategoryPickerViewController.swift; sourceTree = "<group>"; };
		CDB976661BF09303002AD927 /* HudView.swift */ = {isa = PBXFileReference; fileEncoding = 4; lastKnownFileType = sourcecode.swift; path = HudView.swift; sourceTree = "<group>"; };
		CDD3AF491BEF838200C884AE /* LocationDetailViewController.swift */ = {isa = PBXFileReference; fileEncoding = 4; lastKnownFileType = sourcecode.swift; path = LocationDetailViewController.swift; sourceTree = "<group>"; };
		CDE8F7BF1BF6D14A00FD3CA4 /* String+AddText.swift */ = {isa = PBXFileReference; fileEncoding = 4; lastKnownFileType = sourcecode.swift; path = "String+AddText.swift"; sourceTree = "<group>"; };
		CDF1A1BA1BF6D6BB007C6E5B /* MyTabBarController.swift */ = {isa = PBXFileReference; fileEncoding = 4; lastKnownFileType = sourcecode.swift; path = MyTabBarController.swift; sourceTree = "<group>"; };
		CDF1A1BC1BF6D75A007C6E5B /* MyNavigationBarController.swift */ = {isa = PBXFileReference; fileEncoding = 4; lastKnownFileType = sourcecode.swift; path = MyNavigationBarController.swift; sourceTree = "<group>"; };
		CDF1A1BE1BF6D933007C6E5B /* MyImagePickerController.swift */ = {isa = PBXFileReference; fileEncoding = 4; lastKnownFileType = sourcecode.swift; path = MyImagePickerController.swift; sourceTree = "<group>"; };
/* End PBXFileReference section */

/* Begin PBXFrameworksBuildPhase section */
		CD20CFB41BEF68C9006C107E /* Frameworks */ = {
			isa = PBXFrameworksBuildPhase;
			buildActionMask = 2147483647;
			files = (
				CD774E8E1BF4888B000C9339 /* MapKit.framework in Frameworks */,
			);
			runOnlyForDeploymentPostprocessing = 0;
		};
/* End PBXFrameworksBuildPhase section */

/* Begin PBXGroup section */
		CD20CFAE1BEF68C9006C107E = {
			isa = PBXGroup;
			children = (
				CD774E8D1BF4888B000C9339 /* MapKit.framework */,
				CD52D3381BF0D5B8003536D9 /* Location+CoreDataProperties.swift */,
				CD52D3391BF0D5B8003536D9 /* Location.swift */,
				CD20CFB91BEF68C9006C107E /* My Location */,
				CD20CFB81BEF68C9006C107E /* Products */,
			);
			sourceTree = "<group>";
		};
		CD20CFB81BEF68C9006C107E /* Products */ = {
			isa = PBXGroup;
			children = (
				CD20CFB71BEF68C9006C107E /* My Location.app */,
			);
			name = Products;
			sourceTree = "<group>";
		};
		CD20CFB91BEF68C9006C107E /* My Location */ = {
			isa = PBXGroup;
			children = (
				CD932DFF1BF736A200D1C60B /* Sound */,
				CD20CFC81BEF68C9006C107E /* Info.plist */,
				CD20CFBA1BEF68C9006C107E /* AppDelegate.swift */,
				CDB976641BF085B3002AD927 /* CategoryPickerViewController.swift */,
				CD20CFBC1BEF68C9006C107E /* CurrentLocationViewController.swift */,
				CD52D3331BF0C980003536D9 /* Functions.swift */,
				CDB976661BF09303002AD927 /* HudView.swift */,
				CDB4FD681BF373B50012E4B0 /* LocationCell.swift */,
				CDD3AF491BEF838200C884AE /* LocationDetailViewController.swift */,
				CD63EE5D1BF22D10004B4082 /* LocationsViewController.swift */,
				CD774E8F1BF48933000C9339 /* MapViewController.swift */,
				CDF1A1BE1BF6D933007C6E5B /* MyImagePickerController.swift */,
				CDF1A1BC1BF6D75A007C6E5B /* MyNavigationBarController.swift */,
				CDF1A1BA1BF6D6BB007C6E5B /* MyTabBarController.swift */,
				CDE8F7BF1BF6D14A00FD3CA4 /* String+AddText.swift */,
				CD8C81411BF599F900160BA0 /* UIImage+Resize.swift */,
				CD20CFC31BEF68C9006C107E /* Assets.xcassets */,
				CD52D3351BF0D3C1003536D9 /* DataModel.xcdatamodeld */,
				CD20CFC01BEF68C9006C107E /* Main.storyboard */,
			);
			path = "My Location";
			sourceTree = "<group>";
		};
/* End PBXGroup section */

/* Begin PBXNativeTarget section */
		CD20CFB61BEF68C9006C107E /* My Location */ = {
			isa = PBXNativeTarget;
			buildConfigurationList = CD20CFCB1BEF68C9006C107E /* Build configuration list for PBXNativeTarget "My Location" */;
			buildPhases = (
				CD20CFB31BEF68C9006C107E /* Sources */,
				CD20CFB41BEF68C9006C107E /* Frameworks */,
				CD20CFB51BEF68C9006C107E /* Resources */,
			);
			buildRules = (
			);
			dependencies = (
			);
			name = "My Location";
			productName = "My Location";
			productReference = CD20CFB71BEF68C9006C107E /* My Location.app */;
			productType = "com.apple.product-type.application";
		};
/* End PBXNativeTarget section */

/* Begin PBXProject section */
		CD20CFAF1BEF68C9006C107E /* Project object */ = {
			isa = PBXProject;
			attributes = {
				LastSwiftUpdateCheck = 0710;
				LastUpgradeCheck = 0710;
				ORGANIZATIONNAME = "Van Luu";
				TargetAttributes = {
					CD20CFB61BEF68C9006C107E = {
						CreatedOnToolsVersion = 7.1;
						DevelopmentTeam = RJ6676GSKP;
					};
				};
			};
			buildConfigurationList = CD20CFB21BEF68C9006C107E /* Build configuration list for PBXProject "My Location" */;
			compatibilityVersion = "Xcode 3.2";
			developmentRegion = English;
			hasScannedForEncodings = 0;
			knownRegions = (
				en,
				Base,
			);
			mainGroup = CD20CFAE1BEF68C9006C107E;
			productRefGroup = CD20CFB81BEF68C9006C107E /* Products */;
			projectDirPath = "";
			projectRoot = "";
			targets = (
				CD20CFB61BEF68C9006C107E /* My Location */,
			);
		};
/* End PBXProject section */

/* Begin PBXResourcesBuildPhase section */
		CD20CFB51BEF68C9006C107E /* Resources */ = {
			isa = PBXResourcesBuildPhase;
			buildActionMask = 2147483647;
			files = (
				CD20CFC41BEF68C9006C107E /* Assets.xcassets in Resources */,
				CD932E001BF736A200D1C60B /* Sound in Resources */,
				CD20CFC21BEF68C9006C107E /* Main.storyboard in Resources */,
			);
			runOnlyForDeploymentPostprocessing = 0;
		};
/* End PBXResourcesBuildPhase section */

/* Begin PBXSourcesBuildPhase section */
		CD20CFB31BEF68C9006C107E /* Sources */ = {
			isa = PBXSourcesBuildPhase;
			buildActionMask = 2147483647;
			files = (
				CDD3AF4A1BEF838200C884AE /* LocationDetailViewController.swift in Sources */,
				CD52D3371BF0D3C1003536D9 /* DataModel.xcdatamodeld in Sources */,
				CD52D33B1BF0D5B8003536D9 /* Location.swift in Sources */,
				CDF1A1BF1BF6D933007C6E5B /* MyImagePickerController.swift in Sources */,
				CD63EE5E1BF22D10004B4082 /* LocationsViewController.swift in Sources */,
				CDB976671BF09303002AD927 /* HudView.swift in Sources */,
				CD774E901BF48933000C9339 /* MapViewController.swift in Sources */,
				CD8C81421BF599F900160BA0 /* UIImage+Resize.swift in Sources */,
				CDB4FD691BF373B50012E4B0 /* LocationCell.swift in Sources */,
				CD52D3341BF0C980003536D9 /* Functions.swift in Sources */,
				CDF1A1BD1BF6D75A007C6E5B /* MyNavigationBarController.swift in Sources */,
				CD52D33A1BF0D5B8003536D9 /* Location+CoreDataProperties.swift in Sources */,
				CD20CFBB1BEF68C9006C107E /* AppDelegate.swift in Sources */,
				CDE8F7C01BF6D14A00FD3CA4 /* String+AddText.swift in Sources */,
				CDB976651BF085B3002AD927 /* CategoryPickerViewController.swift in Sources */,
				CD20CFBD1BEF68C9006C107E /* CurrentLocationViewController.swift in Sources */,
				CDF1A1BB1BF6D6BB007C6E5B /* MyTabBarController.swift in Sources */,
			);
			runOnlyForDeploymentPostprocessing = 0;
		};
/* End PBXSourcesBuildPhase section */

/* Begin PBXVariantGroup section */
		CD20CFC01BEF68C9006C107E /* Main.storyboard */ = {
			isa = PBXVariantGroup;
			children = (
				CD20CFC11BEF68C9006C107E /* Base */,
			);
			name = Main.storyboard;
			sourceTree = "<group>";
		};
/* End PBXVariantGroup section */

/* Begin XCBuildConfiguration section */
		CD20CFC91BEF68C9006C107E /* Debug */ = {
			isa = XCBuildConfiguration;
			buildSettings = {
				ALWAYS_SEARCH_USER_PATHS = NO;
				CLANG_CXX_LANGUAGE_STANDARD = "gnu++0x";
				CLANG_CXX_LIBRARY = "libc++";
				CLANG_ENABLE_MODULES = YES;
				CLANG_ENABLE_OBJC_ARC = YES;
				CLANG_WARN_BOOL_CONVERSION = YES;
				CLANG_WARN_CONSTANT_CONVERSION = YES;
				CLANG_WARN_DIRECT_OBJC_ISA_USAGE = YES_ERROR;
				CLANG_WARN_EMPTY_BODY = YES;
				CLANG_WARN_ENUM_CONVERSION = YES;
				CLANG_WARN_INT_CONVERSION = YES;
				CLANG_WARN_OBJC_ROOT_CLASS = YES_ERROR;
				CLANG_WARN_UNREACHABLE_CODE = YES;
				CLANG_WARN__DUPLICATE_METHOD_MATCH = YES;
				"CODE_SIGN_IDENTITY[sdk=iphoneos*]" = "iPhone Developer";
				COPY_PHASE_STRIP = NO;
				DEBUG_INFORMATION_FORMAT = dwarf;
				ENABLE_STRICT_OBJC_MSGSEND = YES;
				ENABLE_TESTABILITY = YES;
				GCC_C_LANGUAGE_STANDARD = gnu99;
				GCC_DYNAMIC_NO_PIC = NO;
				GCC_NO_COMMON_BLOCKS = YES;
				GCC_OPTIMIZATION_LEVEL = 0;
				GCC_PREPROCESSOR_DEFINITIONS = (
					"DEBUG=1",
					"$(inherited)",
				);
				GCC_WARN_64_TO_32_BIT_CONVERSION = YES;
				GCC_WARN_ABOUT_RETURN_TYPE = YES_ERROR;
				GCC_WARN_UNDECLARED_SELECTOR = YES;
				GCC_WARN_UNINITIALIZED_AUTOS = YES_AGGRESSIVE;
				GCC_WARN_UNUSED_FUNCTION = YES;
				GCC_WARN_UNUSED_VARIABLE = YES;
				IPHONEOS_DEPLOYMENT_TARGET = 9.1;
				MTL_ENABLE_DEBUG_INFO = YES;
				ONLY_ACTIVE_ARCH = YES;
				SDKROOT = iphoneos;
				SWIFT_OPTIMIZATION_LEVEL = "-Onone";
			};
			name = Debug;
		};
		CD20CFCA1BEF68C9006C107E /* Release */ = {
			isa = XCBuildConfiguration;
			buildSettings = {
				ALWAYS_SEARCH_USER_PATHS = NO;
				CLANG_CXX_LANGUAGE_STANDARD = "gnu++0x";
				CLANG_CXX_LIBRARY = "libc++";
				CLANG_ENABLE_MODULES = YES;
				CLANG_ENABLE_OBJC_ARC = YES;
				CLANG_WARN_BOOL_CONVERSION = YES;
				CLANG_WARN_CONSTANT_CONVERSION = YES;
				CLANG_WARN_DIRECT_OBJC_ISA_USAGE = YES_ERROR;
				CLANG_WARN_EMPTY_BODY = YES;
				CLANG_WARN_ENUM_CONVERSION = YES;
				CLANG_WARN_INT_CONVERSION = YES;
				CLANG_WARN_OBJC_ROOT_CLASS = YES_ERROR;
				CLANG_WARN_UNREACHABLE_CODE = YES;
				CLANG_WARN__DUPLICATE_METHOD_MATCH = YES;
				"CODE_SIGN_IDENTITY[sdk=iphoneos*]" = "iPhone Developer";
				COPY_PHASE_STRIP = NO;
				DEBUG_INFORMATION_FORMAT = "dwarf-with-dsym";
				ENABLE_NS_ASSERTIONS = NO;
				ENABLE_STRICT_OBJC_MSGSEND = YES;
				GCC_C_LANGUAGE_STANDARD = gnu99;
				GCC_NO_COMMON_BLOCKS = YES;
				GCC_WARN_64_TO_32_BIT_CONVERSION = YES;
				GCC_WARN_ABOUT_RETURN_TYPE = YES_ERROR;
				GCC_WARN_UNDECLARED_SELECTOR = YES;
				GCC_WARN_UNINITIALIZED_AUTOS = YES_AGGRESSIVE;
				GCC_WARN_UNUSED_FUNCTION = YES;
				GCC_WARN_UNUSED_VARIABLE = YES;
				IPHONEOS_DEPLOYMENT_TARGET = 9.1;
				MTL_ENABLE_DEBUG_INFO = NO;
				SDKROOT = iphoneos;
				VALIDATE_PRODUCT = YES;
			};
			name = Release;
		};
		CD20CFCC1BEF68C9006C107E /* Debug */ = {
			isa = XCBuildConfiguration;
			buildSettings = {
				ASSETCATALOG_COMPILER_APPICON_NAME = AppIcon;
				ASSETCATALOG_COMPILER_LAUNCHIMAGE_NAME = "Brand Assets";
				CODE_SIGN_IDENTITY = "iPhone Developer";
				INFOPLIST_FILE = "My Location/Info.plist";
				LD_RUNPATH_SEARCH_PATHS = "$(inherited) @executable_path/Frameworks";
				PRODUCT_BUNDLE_IDENTIFIER = "vl4298.My-Location";
				PRODUCT_NAME = "$(TARGET_NAME)";
			};
			name = Debug;
		};
		CD20CFCD1BEF68C9006C107E /* Release */ = {
			isa = XCBuildConfiguration;
			buildSettings = {
				ASSETCATALOG_COMPILER_APPICON_NAME = AppIcon;
				ASSETCATALOG_COMPILER_LAUNCHIMAGE_NAME = "Brand Assets";
				CODE_SIGN_IDENTITY = "iPhone Developer";
				INFOPLIST_FILE = "My Location/Info.plist";
				LD_RUNPATH_SEARCH_PATHS = "$(inherited) @executable_path/Frameworks";
				PRODUCT_BUNDLE_IDENTIFIER = "vl4298.My-Location";
				PRODUCT_NAME = "$(TARGET_NAME)";
			};
			name = Release;
		};
/* End XCBuildConfiguration section */

/* Begin XCConfigurationList section */
		CD20CFB21BEF68C9006C107E /* Build configuration list for PBXProject "My Location" */ = {
			isa = XCConfigurationList;
			buildConfigurations = (
				CD20CFC91BEF68C9006C107E /* Debug */,
				CD20CFCA1BEF68C9006C107E /* Release */,
			);
			defaultConfigurationIsVisible = 0;
			defaultConfigurationName = Release;
		};
		CD20CFCB1BEF68C9006C107E /* Build configuration list for PBXNativeTarget "My Location" */ = {
			isa = XCConfigurationList;
			buildConfigurations = (
				CD20CFCC1BEF68C9006C107E /* Debug */,
				CD20CFCD1BEF68C9006C107E /* Release */,
			);
			defaultConfigurationIsVisible = 0;
			defaultConfigurationName = Release;
		};
/* End XCConfigurationList section */

/* Begin XCVersionGroup section */
		CD52D3351BF0D3C1003536D9 /* DataModel.xcdatamodeld */ = {
			isa = XCVersionGroup;
			children = (
				CD52D3361BF0D3C1003536D9 /* DataModel.xcdatamodel */,
			);
			currentVersion = CD52D3361BF0D3C1003536D9 /* DataModel.xcdatamodel */;
			path = DataModel.xcdatamodeld;
			sourceTree = "<group>";
			versionGroupType = wrapper.xcdatamodel;
		};
/* End XCVersionGroup section */
	};
	rootObject = CD20CFAF1BEF68C9006C107E /* Project object */;
}
